
Microsoft Visual Studio Solution File, Format Version 12.00
# Visual Studio Version 16
VisualStudioVersion = 16.0.29326.143
MinimumVisualStudioVersion = 10.0.40219.1
Project("{FAE04EC0-301F-11D3-BF4B-00C04F79EFBC}") = "MicroserviceForJenkins", "MicroserviceForJenkins.csproj", "{0A97F9A2-FBD5-4E7A-9869-6FA9FB778302}"
EndProject
Global
	GlobalSection(SolutionConfigurationPlatforms) = preSolution
		Debug|Any CPU = Debug|Any CPU
		Release|Any CPU = Release|Any CPU
	EndGlobalSection
	GlobalSection(ProjectConfigurationPlatforms) = postSolution
		{0A97F9A2-FBD5-4E7A-9869-6FA9FB778302}.Debug|Any CPU.ActiveCfg = Debug|Any CPU
		{0A97F9A2-FBD5-4E7A-9869-6FA9FB778302}.Debug|Any CPU.Build.0 = Debug|Any CPU
		{0A97F9A2-FBD5-4E7A-9869-6FA9FB778302}.Release|Any CPU.ActiveCfg = Release|Any CPU
		{0A97F9A2-FBD5-4E7A-9869-6FA9FB778302}.Release|Any CPU.Build.0 = Release|Any CPU
	EndGlobalSection
	GlobalSection(SolutionProperties) = preSolution
		HideSolutionNode = FALSE
	EndGlobalSection
	GlobalSection(ExtensibilityGlobals) = postSolution
		SolutionGuid = {A9319233-BFC8-4A9B-A90F-F9BFBAA7B640}
	EndGlobalSection
EndGlobal
